{
  "originHash" : "a85a96190735bfa1f0e8502b9263cfd515a216d7f10f1f21fd844f43296ef0d6",
  "pins" : [
    {
      "identity" : "swift-asn1",
      "kind" : "remoteSourceControl",
      "location" : "https://github.com/apple/swift-asn1.git",
      "state" : {
        "revision" : "eb50cbd14606a9161cbc5d452f18797c90ef0bab",
        "version" : "1.7.0"
      }
    },
    {
      "identity" : "swift-collections",
      "kind" : "remoteSourceControl",
      "location" : "https://github.com/apple/swift-collections.git",
      "state" : {
        "revision" : "6675bc0ff86e61436e615df6fc5174e043e57924",
        "version" : "1.4.1"
      }
    },
    {
      "identity" : "swift-crypto",
      "kind" : "remoteSourceControl",
      "location" : "https://github.com/apple/swift-crypto.git",
      "state" : {
        "revision" : "95ba0316a9b733e92bb6b071255ff46263bbe7dc",
        "version" : "3.15.1"
      }
    },
    {
      "identity" : "vloauthprovider",
      "kind" : "remoteSourceControl",
      "location" : "https://github.com/langdon78/VLOAuthProvider",
      "state" : {
        "revision" : "9038bd66fc3e4a7b6efed65809f7f5473601ec48",
        "version" : "0.3.6-alpha"
      }
    }
  ],
  "version" : 3
}
